// !$*UTF8*$!
{
	archiveVersion = 1;
	classes = {
	};
	objectVersion = 46;
	objects = {

/* Begin PBXBuildFile section */
		EDFB29F319468E78008E1DBF /* Foundation.framework in Frameworks */ = {isa = PBXBuildFile; fileRef = EDFB29F219468E78008E1DBF /* Foundation.framework */; };
		EDFB29F519468E78008E1DBF /* CoreGraphics.framework in Frameworks */ = {isa = PBXBuildFile; fileRef = EDFB29F419468E78008E1DBF /* CoreGraphics.framework */; };
		EDFB29F719468E78008E1DBF /* UIKit.framework in Frameworks */ = {isa = PBXBuildFile; fileRef = EDFB29F619468E78008E1DBF /* UIKit.framework */; };
		EDFB29FD19468E78008E1DBF /* InfoPlist.strings in Resources */ = {isa = PBXBuildFile; fileRef = EDFB29FB19468E78008E1DBF /* InfoPlist.strings */; };
		EDFB29FF19468E78008E1DBF /* main.m in Sources */ = {isa = PBXBuildFile; fileRef = EDFB29FE19468E78008E1DBF /* main.m */; };
		EDFB2A0319468E78008E1DBF /* ESFAppDelegate.m in Sources */ = {isa = PBXBuildFile; fileRef = EDFB2A0219468E78008E1DBF /* ESFAppDelegate.m */; };
		EDFB2A0619468E79008E1DBF /* Main_iPhone.storyboard in Resources */ = {isa = PBXBuildFile; fileRef = EDFB2A0419468E79008E1DBF /* Main_iPhone.storyboard */; };
		EDFB2A0919468E79008E1DBF /* Main_iPad.storyboard in Resources */ = {isa = PBXBuildFile; fileRef = EDFB2A0719468E79008E1DBF /* Main_iPad.storyboard */; };
		EDFB2A0E19468E79008E1DBF /* Images.xcassets in Resources */ = {isa = PBXBuildFile; fileRef = EDFB2A0D19468E79008E1DBF /* Images.xcassets */; };
		EDFB2A1519468E79008E1DBF /* XCTest.framework in Frameworks */ = {isa = PBXBuildFile; fileRef = EDFB2A1419468E79008E1DBF /* XCTest.framework */; };
		EDFB2A1619468E79008E1DBF /* Foundation.framework in Frameworks */ = {isa = PBXBuildFile; fileRef = EDFB29F219468E78008E1DBF /* Foundation.framework */; };
		EDFB2A1719468E79008E1DBF /* UIKit.framework in Frameworks */ = {isa = PBXBuildFile; fileRef = EDFB29F619468E78008E1DBF /* UIKit.framework */; };
		EDFB2A1F19468E79008E1DBF /* InfoPlist.strings in Resources */ = {isa = PBXBuildFile; fileRef = EDFB2A1D19468E79008E1DBF /* InfoPlist.strings */; };
		EDFB2A2119468E79008E1DBF /* SampleTests.m in Sources */ = {isa = PBXBuildFile; fileRef = EDFB2A2019468E79008E1DBF /* SampleTests.m */; };
		EDFB2A4F19468FE9008E1DBF /* SampleViewController.m in Sources */ = {isa = PBXBuildFile; fileRef = EDFB2A4E19468FE9008E1DBF /* SampleViewController.m */; };
		EDFB2A94194690FE008E1DBF /* ESNetwork.m in Sources */ = {isa = PBXBuildFile; fileRef = EDFB2A8C194690FE008E1DBF /* ESNetwork.m */; };
		EDFB2A95194690FE008E1DBF /* ESNetworkRestfulOperaton.m in Sources */ = {isa = PBXBuildFile; fileRef = EDFB2A91194690FE008E1DBF /* ESNetworkRestfulOperaton.m */; };
		EDFB2A96194690FE008E1DBF /* ESOperation.m in Sources */ = {isa = PBXBuildFile; fileRef = EDFB2A93194690FE008E1DBF /* ESOperation.m */; };
		EDFB2AAB1946A559008E1DBF /* ESImageSampleViewController.m in Sources */ = {isa = PBXBuildFile; fileRef = EDFB2AAA1946A559008E1DBF /* ESImageSampleViewController.m */; };
		EDFB2AAE1946A67A008E1DBF /* ESNetworkViewController.m in Sources */ = {isa = PBXBuildFile; fileRef = EDFB2AAD1946A67A008E1DBF /* ESNetworkViewController.m */; };
		EDFB2ACC1946DD0A008E1DBF /* ESAnimation.m in Sources */ = {isa = PBXBuildFile; fileRef = EDFB2AC21946DD0A008E1DBF /* ESAnimation.m */; };
		EDFB2ACD1946DD0A008E1DBF /* ESImage.m in Sources */ = {isa = PBXBuildFile; fileRef = EDFB2AC51946DD0A008E1DBF /* ESImage.m */; };
		EDFB2ACE1946DD0A008E1DBF /* ESImageView.m in Sources */ = {isa = PBXBuildFile; fileRef = EDFB2AC71946DD0A008E1DBF /* ESImageView.m */; };
		EDFB2ACF1946DD0A008E1DBF /* ImageManager.m in Sources */ = {isa = PBXBuildFile; fileRef = EDFB2AC91946DD0A008E1DBF /* ImageManager.m */; };
		EDFB2AD01946DD0A008E1DBF /* ImageOperation.m in Sources */ = {isa = PBXBuildFile; fileRef = EDFB2ACB1946DD0A008E1DBF /* ImageOperation.m */; };
		EDFB2AD91946DD3E008E1DBF /* ESGridView.m in Sources */ = {isa = PBXBuildFile; fileRef = EDFB2AD41946DD3E008E1DBF /* ESGridView.m */; };
		EDFB2ADA1946DD3E008E1DBF /* ESGridViewCell.m in Sources */ = {isa = PBXBuildFile; fileRef = EDFB2AD61946DD3E008E1DBF /* ESGridViewCell.m */; };
		EDFB2ADB1946DD3E008E1DBF /* ESGridViewLayoutStrategies.m in Sources */ = {isa = PBXBuildFile; fileRef = EDFB2AD81946DD3E008E1DBF /* ESGridViewLayoutStrategies.m */; };
		EDFB2ADE1946DF25008E1DBF /* ESGridViewController.m in Sources */ = {isa = PBXBuildFile; fileRef = EDFB2ADD1946DF25008E1DBF /* ESGridViewController.m */; };
		EDFB2AE21947D593008E1DBF /* ESDebugViewController.m in Sources */ = {isa = PBXBuildFile; fileRef = EDFB2AE11947D593008E1DBF /* ESDebugViewController.m */; };
		EDFB2AED1947E3AB008E1DBF /* Log.m in Sources */ = {isa = PBXBuildFile; fileRef = EDFB2AEC1947E3AB008E1DBF /* Log.m */; };
		EDFB2AF01947EE1D008E1DBF /* LogC.cpp in Sources */ = {isa = PBXBuildFile; fileRef = EDFB2AEE1947EE1D008E1DBF /* LogC.cpp */; };
/* End PBXBuildFile section */

/* Begin PBXContainerItemProxy section */
		EDFB2A1819468E79008E1DBF /* PBXContainerItemProxy */ = {
			isa = PBXContainerItemProxy;
			containerPortal = EDFB29E719468E78008E1DBF /* Project object */;
			proxyType = 1;
			remoteGlobalIDString = EDFB29EE19468E78008E1DBF;
			remoteInfo = Sample;
		};
/* End PBXContainerItemProxy section */

/* Begin PBXFileReference section */
		EDFB29EF19468E78008E1DBF /* Sample.app */ = {isa = PBXFileReference; explicitFileType = wrapper.application; includeInIndex = 0; path = Sample.app; sourceTree = BUILT_PRODUCTS_DIR; };
		EDFB29F219468E78008E1DBF /* Foundation.framework */ = {isa = PBXFileReference; lastKnownFileType = wrapper.framework; name = Foundation.framework; path = System/Library/Frameworks/Foundation.framework; sourceTree = SDKROOT; };
		EDFB29F419468E78008E1DBF /* CoreGraphics.framework */ = {isa = PBXFileReference; lastKnownFileType = wrapper.framework; name = CoreGraphics.framework; path = System/Library/Frameworks/CoreGraphics.framework; sourceTree = SDKROOT; };
		EDFB29F619468E78008E1DBF /* UIKit.framework */ = {isa = PBXFileReference; lastKnownFileType = wrapper.framework; name = UIKit.framework; path = System/Library/Frameworks/UIKit.framework; sourceTree = SDKROOT; };
		EDFB29FA19468E78008E1DBF /* Sample-Info.plist */ = {isa = PBXFileReference; lastKnownFileType = text.plist.xml; path = "Sample-Info.plist"; sourceTree = "<group>"; };
		EDFB29FC19468E78008E1DBF /* en */ = {isa = PBXFileReference; lastKnownFileType = text.plist.strings; name = en; path = en.lproj/InfoPlist.strings; sourceTree = "<group>"; };
		EDFB29FE19468E78008E1DBF /* main.m */ = {isa = PBXFileReference; lastKnownFileType = sourcecode.c.objc; path = main.m; sourceTree = "<group>"; };
		EDFB2A0019468E78008E1DBF /* Sample-Prefix.pch */ = {isa = PBXFileReference; lastKnownFileType = sourcecode.c.h; path = "Sample-Prefix.pch"; sourceTree = "<group>"; };
		EDFB2A0119468E78008E1DBF /* ESFAppDelegate.h */ = {isa = PBXFileReference; lastKnownFileType = sourcecode.c.h; path = ESFAppDelegate.h; sourceTree = "<group>"; };
		EDFB2A0219468E78008E1DBF /* ESFAppDelegate.m */ = {isa = PBXFileReference; lastKnownFileType = sourcecode.c.objc; path = ESFAppDelegate.m; sourceTree = "<group>"; };
		EDFB2A0519468E79008E1DBF /* Base */ = {isa = PBXFileReference; lastKnownFileType = file.storyboard; name = Base; path = Base.lproj/Main_iPhone.storyboard; sourceTree = "<group>"; };
		EDFB2A0819468E79008E1DBF /* Base */ = {isa = PBXFileReference; lastKnownFileType = file.storyboard; name = Base; path = Base.lproj/Main_iPad.storyboard; sourceTree = "<group>"; };
		EDFB2A0D19468E79008E1DBF /* Images.xcassets */ = {isa = PBXFileReference; lastKnownFileType = folder.assetcatalog; path = Images.xcassets; sourceTree = "<group>"; };
		EDFB2A1319468E79008E1DBF /* SampleTests.xctest */ = {isa = PBXFileReference; explicitFileType = wrapper.cfbundle; includeInIndex = 0; path = SampleTests.xctest; sourceTree = BUILT_PRODUCTS_DIR; };
		EDFB2A1419468E79008E1DBF /* XCTest.framework */ = {isa = PBXFileReference; lastKnownFileType = wrapper.framework; name = XCTest.framework; path = Library/Frameworks/XCTest.framework; sourceTree = DEVELOPER_DIR; };
		EDFB2A1C19468E79008E1DBF /* SampleTests-Info.plist */ = {isa = PBXFileReference; lastKnownFileType = text.plist.xml; path = "SampleTests-Info.plist"; sourceTree = "<group>"; };
		EDFB2A1E19468E79008E1DBF /* en */ = {isa = PBXFileReference; lastKnownFileType = text.plist.strings; name = en; path = en.lproj/InfoPlist.strings; sourceTree = "<group>"; };
		EDFB2A2019468E79008E1DBF /* SampleTests.m */ = {isa = PBXFileReference; lastKnownFileType = sourcecode.c.objc; path = SampleTests.m; sourceTree = "<group>"; };
		EDFB2A4D19468FE9008E1DBF /* SampleViewController.h */ = {isa = PBXFileReference; fileEncoding = 4; lastKnownFileType = sourcecode.c.h; path = SampleViewController.h; sourceTree = "<group>"; };
		EDFB2A4E19468FE9008E1DBF /* SampleViewController.m */ = {isa = PBXFileReference; fileEncoding = 4; lastKnownFileType = sourcecode.c.objc; path = SampleViewController.m; sourceTree = "<group>"; };
		EDFB2A8B194690FE008E1DBF /* ESNetwork.h */ = {isa = PBXFileReference; fileEncoding = 4; lastKnownFileType = sourcecode.c.h; path = ESNetwork.h; sourceTree = "<group>"; };
		EDFB2A8C194690FE008E1DBF /* ESNetwork.m */ = {isa = PBXFileReference; fileEncoding = 4; lastKnownFileType = sourcecode.c.objc; path = ESNetwork.m; sourceTree = "<group>"; };
		EDFB2A8D194690FE008E1DBF /* ESNetworkConfig.h */ = {isa = PBXFileReference; fileEncoding = 4; lastKnownFileType = sourcecode.c.h; path = ESNetworkConfig.h; sourceTree = "<group>"; };
		EDFB2A8E194690FE008E1DBF /* ESNetworkProtocol.h */ = {isa = PBXFileReference; fileEncoding = 4; lastKnownFileType = sourcecode.c.h; path = ESNetworkProtocol.h; sourceTree = "<group>"; };
		EDFB2A8F194690FE008E1DBF /* ESNetworkReceiveProtocol.h */ = {isa = PBXFileReference; fileEncoding = 4; lastKnownFileType = sourcecode.c.h; path = ESNetworkReceiveProtocol.h; sourceTree = "<group>"; };
		EDFB2A90194690FE008E1DBF /* ESNetworkRestfulOperaton.h */ = {isa = PBXFileReference; fileEncoding = 4; lastKnownFileType = sourcecode.c.h; path = ESNetworkRestfulOperaton.h; sourceTree = "<group>"; };
		EDFB2A91194690FE008E1DBF /* ESNetworkRestfulOperaton.m */ = {isa = PBXFileReference; fileEncoding = 4; lastKnownFileType = sourcecode.c.objc; path = ESNetworkRestfulOperaton.m; sourceTree = "<group>"; };
		EDFB2A92194690FE008E1DBF /* ESOperation.h */ = {isa = PBXFileReference; fileEncoding = 4; lastKnownFileType = sourcecode.c.h; path = ESOperation.h; sourceTree = "<group>"; };
		EDFB2A93194690FE008E1DBF /* ESOperation.m */ = {isa = PBXFileReference; fileEncoding = 4; lastKnownFileType = sourcecode.c.objc; path = ESOperation.m; sourceTree = "<group>"; };
		EDFB2AA91946A559008E1DBF /* ESImageSampleViewController.h */ = {isa = PBXFileReference; fileEncoding = 4; lastKnownFileType = sourcecode.c.h; path = ESImageSampleViewController.h; sourceTree = "<group>"; };
		EDFB2AAA1946A559008E1DBF /* ESImageSampleViewController.m */ = {isa = PBXFileReference; fileEncoding = 4; lastKnownFileType = sourcecode.c.objc; path = ESImageSampleViewController.m; sourceTree = "<group>"; };
		EDFB2AAC1946A67A008E1DBF /* ESNetworkViewController.h */ = {isa = PBXFileReference; fileEncoding = 4; lastKnownFileType = sourcecode.c.h; path = ESNetworkViewController.h; sourceTree = "<group>"; };
		EDFB2AAD1946A67A008E1DBF /* ESNetworkViewController.m */ = {isa = PBXFileReference; fileEncoding = 4; lastKnownFileType = sourcecode.c.objc; path = ESNetworkViewController.m; sourceTree = "<group>"; };
		EDFB2AC11946DD0A008E1DBF /* ESAnimation.h */ = {isa = PBXFileReference; fileEncoding = 4; lastKnownFileType = sourcecode.c.h; path = ESAnimation.h; sourceTree = "<group>"; };
		EDFB2AC21946DD0A008E1DBF /* ESAnimation.m */ = {isa = PBXFileReference; fileEncoding = 4; lastKnownFileType = sourcecode.c.objc; path = ESAnimation.m; sourceTree = "<group>"; };
		EDFB2AC31946DD0A008E1DBF /* ESImage-Constants.h */ = {isa = PBXFileReference; fileEncoding = 4; lastKnownFileType = sourcecode.c.h; path = "ESImage-Constants.h"; sourceTree = "<group>"; };
		EDFB2AC41946DD0A008E1DBF /* ESImage.h */ = {isa = PBXFileReference; fileEncoding = 4; lastKnownFileType = sourcecode.c.h; path = ESImage.h; sourceTree = "<group>"; };
		EDFB2AC51946DD0A008E1DBF /* ESImage.m */ = {isa = PBXFileReference; fileEncoding = 4; lastKnownFileType = sourcecode.c.objc; path = ESImage.m; sourceTree = "<group>"; };
		EDFB2AC61946DD0A008E1DBF /* ESImageView.h */ = {isa = PBXFileReference; fileEncoding = 4; lastKnownFileType = sourcecode.c.h; path = ESImageView.h; sourceTree = "<group>"; };
		EDFB2AC71946DD0A008E1DBF /* ESImageView.m */ = {isa = PBXFileReference; fileEncoding = 4; lastKnownFileType = sourcecode.c.objc; path = ESImageView.m; sourceTree = "<group>"; };
		EDFB2AC81946DD0A008E1DBF /* ImageManager.h */ = {isa = PBXFileReference; fileEncoding = 4; lastKnownFileType = sourcecode.c.h; path = ImageManager.h; sourceTree = "<group>"; };
		EDFB2AC91946DD0A008E1DBF /* ImageManager.m */ = {isa = PBXFileReference; fileEncoding = 4; lastKnownFileType = sourcecode.c.objc; path = ImageManager.m; sourceTree = "<group>"; };
		EDFB2ACA1946DD0A008E1DBF /* ImageOperation.h */ = {isa = PBXFileReference; fileEncoding = 4; lastKnownFileType = sourcecode.c.h; path = ImageOperation.h; sourceTree = "<group>"; };
		EDFB2ACB1946DD0A008E1DBF /* ImageOperation.m */ = {isa = PBXFileReference; fileEncoding = 4; lastKnownFileType = sourcecode.c.objc; path = ImageOperation.m; sourceTree = "<group>"; };
		EDFB2AD21946DD3E008E1DBF /* ESGridView-Constants.h */ = {isa = PBXFileReference; fileEncoding = 4; lastKnownFileType = sourcecode.c.h; path = "ESGridView-Constants.h"; sourceTree = "<group>"; };
		EDFB2AD31946DD3E008E1DBF /* ESGridView.h */ = {isa = PBXFileReference; fileEncoding = 4; lastKnownFileType = sourcecode.c.h; path = ESGridView.h; sourceTree = "<group>"; };
		EDFB2AD41946DD3E008E1DBF /* ESGridView.m */ = {isa = PBXFileReference; fileEncoding = 4; lastKnownFileType = sourcecode.c.objc; path = ESGridView.m; sourceTree = "<group>"; };
		EDFB2AD51946DD3E008E1DBF /* ESGridViewCell.h */ = {isa = PBXFileReference; fileEncoding = 4; lastKnownFileType = sourcecode.c.h; path = ESGridViewCell.h; sourceTree = "<group>"; };
		EDFB2AD61946DD3E008E1DBF /* ESGridViewCell.m */ = {isa = PBXFileReference; fileEncoding = 4; lastKnownFileType = sourcecode.c.objc; path = ESGridViewCell.m; sourceTree = "<group>"; };
		EDFB2AD71946DD3E008E1DBF /* ESGridViewLayoutStrategies.h */ = {isa = PBXFileReference; fileEncoding = 4; lastKnownFileType = sourcecode.c.h; path = ESGridViewLayoutStrategies.h; sourceTree = "<group>"; };
		EDFB2AD81946DD3E008E1DBF /* ESGridViewLayoutStrategies.m */ = {isa = PBXFileReference; fileEncoding = 4; lastKnownFileType = sourcecode.c.objc; path = ESGridViewLayoutStrategies.m; sourceTree = "<group>"; };
		EDFB2ADC1946DF25008E1DBF /* ESGridViewController.h */ = {isa = PBXFileReference; fileEncoding = 4; lastKnownFileType = sourcecode.c.h; path = ESGridViewController.h; sourceTree = "<group>"; };
		EDFB2ADD1946DF25008E1DBF /* ESGridViewController.m */ = {isa = PBXFileReference; fileEncoding = 4; lastKnownFileType = sourcecode.c.objc; path = ESGridViewController.m; sourceTree = "<group>"; };
		EDFB2AE01947D593008E1DBF /* ESDebugViewController.h */ = {isa = PBXFileReference; fileEncoding = 4; lastKnownFileType = sourcecode.c.h; path = ESDebugViewController.h; sourceTree = "<group>"; };
		EDFB2AE11947D593008E1DBF /* ESDebugViewController.m */ = {isa = PBXFileReference; fileEncoding = 4; lastKnownFileType = sourcecode.c.objc; path = ESDebugViewController.m; sourceTree = "<group>"; };
		EDFB2AEB1947E3AB008E1DBF /* Log.h */ = {isa = PBXFileReference; fileEncoding = 4; lastKnownFileType = sourcecode.c.h; path = Log.h; sourceTree = "<group>"; };
		EDFB2AEC1947E3AB008E1DBF /* Log.m */ = {isa = PBXFileReference; fileEncoding = 4; lastKnownFileType = sourcecode.c.objc; path = Log.m; sourceTree = "<group>"; };
		EDFB2AEE1947EE1D008E1DBF /* LogC.cpp */ = {isa = PBXFileReference; fileEncoding = 4; lastKnownFileType = sourcecode.cpp.cpp; path = LogC.cpp; sourceTree = "<group>"; };
		EDFB2AEF1947EE1D008E1DBF /* LogC.h */ = {isa = PBXFileReference; fileEncoding = 4; lastKnownFileType = sourcecode.c.h; path = LogC.h; sourceTree = "<group>"; };
/* End PBXFileReference section */

/* Begin PBXFrameworksBuildPhase section */
		EDFB29EC19468E78008E1DBF /* Frameworks */ = {
			isa = PBXFrameworksBuildPhase;
			buildActionMask = 2147483647;
			files = (
				EDFB29F519468E78008E1DBF /* CoreGraphics.framework in Frameworks */,
				EDFB29F719468E78008E1DBF /* UIKit.framework in Frameworks */,
				EDFB29F319468E78008E1DBF /* Foundation.framework in Frameworks */,
			);
			runOnlyForDeploymentPostprocessing = 0;
		};
		EDFB2A1019468E79008E1DBF /* Frameworks */ = {
			isa = PBXFrameworksBuildPhase;
			buildActionMask = 2147483647;
			files = (
				EDFB2A1519468E79008E1DBF /* XCTest.framework in Frameworks */,
				EDFB2A1719468E79008E1DBF /* UIKit.framework in Frameworks */,
				EDFB2A1619468E79008E1DBF /* Foundation.framework in Frameworks */,
			);
			runOnlyForDeploymentPostprocessing = 0;
		};
/* End PBXFrameworksBuildPhase section */

/* Begin PBXGroup section */
		EDFB29E619468E78008E1DBF = {
			isa = PBXGroup;
			children = (
				EDFB29F819468E78008E1DBF /* Sample */,
				EDFB2A1A19468E79008E1DBF /* SampleTests */,
				EDFB29F119468E78008E1DBF /* Frameworks */,
				EDFB29F019468E78008E1DBF /* Products */,
			);
			sourceTree = "<group>";
		};
		EDFB29F019468E78008E1DBF /* Products */ = {
			isa = PBXGroup;
			children = (
				EDFB29EF19468E78008E1DBF /* Sample.app */,
				EDFB2A1319468E79008E1DBF /* SampleTests.xctest */,
			);
			name = Products;
			sourceTree = "<group>";
		};
		EDFB29F119468E78008E1DBF /* Frameworks */ = {
			isa = PBXGroup;
			children = (
				EDFB2A89194690FE008E1DBF /* ESFrameworks */,
				EDFB29F219468E78008E1DBF /* Foundation.framework */,
				EDFB29F419468E78008E1DBF /* CoreGraphics.framework */,
				EDFB29F619468E78008E1DBF /* UIKit.framework */,
				EDFB2A1419468E79008E1DBF /* XCTest.framework */,
			);
			name = Frameworks;
			sourceTree = "<group>";
		};
		EDFB29F819468E78008E1DBF /* Sample */ = {
			isa = PBXGroup;
			children = (
				EDFB2A4C19468FE9008E1DBF /* ViewControllers */,
				EDFB2A0119468E78008E1DBF /* ESFAppDelegate.h */,
				EDFB2A0219468E78008E1DBF /* ESFAppDelegate.m */,
				EDFB2A0419468E79008E1DBF /* Main_iPhone.storyboard */,
				EDFB2A0719468E79008E1DBF /* Main_iPad.storyboard */,
				EDFB2A0D19468E79008E1DBF /* Images.xcassets */,
				EDFB29F919468E78008E1DBF /* Supporting Files */,
			);
			path = Sample;
			sourceTree = "<group>";
		};
		EDFB29F919468E78008E1DBF /* Supporting Files */ = {
			isa = PBXGroup;
			children = (
				EDFB29FA19468E78008E1DBF /* Sample-Info.plist */,
				EDFB29FB19468E78008E1DBF /* InfoPlist.strings */,
				EDFB29FE19468E78008E1DBF /* main.m */,
				EDFB2A0019468E78008E1DBF /* Sample-Prefix.pch */,
			);
			name = "Supporting Files";
			sourceTree = "<group>";
		};
		EDFB2A1A19468E79008E1DBF /* SampleTests */ = {
			isa = PBXGroup;
			children = (
				EDFB2A2019468E79008E1DBF /* SampleTests.m */,
				EDFB2A1B19468E79008E1DBF /* Supporting Files */,
			);
			path = SampleTests;
			sourceTree = "<group>";
		};
		EDFB2A1B19468E79008E1DBF /* Supporting Files */ = {
			isa = PBXGroup;
			children = (
				EDFB2A1C19468E79008E1DBF /* SampleTests-Info.plist */,
				EDFB2A1D19468E79008E1DBF /* InfoPlist.strings */,
			);
			name = "Supporting Files";
			sourceTree = "<group>";
		};
		EDFB2A4C19468FE9008E1DBF /* ViewControllers */ = {
			isa = PBXGroup;
			children = (
				EDFB2A4D19468FE9008E1DBF /* SampleViewController.h */,
				EDFB2A4E19468FE9008E1DBF /* SampleViewController.m */,
				EDFB2AAC1946A67A008E1DBF /* ESNetworkViewController.h */,
				EDFB2AAD1946A67A008E1DBF /* ESNetworkViewController.m */,
				EDFB2AA91946A559008E1DBF /* ESImageSampleViewController.h */,
				EDFB2AAA1946A559008E1DBF /* ESImageSampleViewController.m */,
				EDFB2ADC1946DF25008E1DBF /* ESGridViewController.h */,
				EDFB2ADD1946DF25008E1DBF /* ESGridViewController.m */,
			);
			path = ViewControllers;
			sourceTree = "<group>";
		};
		EDFB2A89194690FE008E1DBF /* ESFrameworks */ = {
			isa = PBXGroup;
			children = (
				EDFB2ADF1947D57E008E1DBF /* ESDebug */,
				EDFB2AD11946DD3E008E1DBF /* ESGridView */,
				EDFB2AC01946DD0A008E1DBF /* ESImage */,
				EDFB2A8A194690FE008E1DBF /* Network */,
			);
			path = ESFrameworks;
			sourceTree = "<group>";
		};
		EDFB2A8A194690FE008E1DBF /* Network */ = {
			isa = PBXGroup;
			children = (
				EDFB2A8B194690FE008E1DBF /* ESNetwork.h */,
				EDFB2A8C194690FE008E1DBF /* ESNetwork.m */,
				EDFB2A8D194690FE008E1DBF /* ESNetworkConfig.h */,
				EDFB2A8E194690FE008E1DBF /* ESNetworkProtocol.h */,
				EDFB2A8F194690FE008E1DBF /* ESNetworkReceiveProtocol.h */,
				EDFB2A90194690FE008E1DBF /* ESNetworkRestfulOperaton.h */,
				EDFB2A91194690FE008E1DBF /* ESNetworkRestfulOperaton.m */,
				EDFB2A92194690FE008E1DBF /* ESOperation.h */,
				EDFB2A93194690FE008E1DBF /* ESOperation.m */,
			);
			path = Network;
			sourceTree = "<group>";
		};
		EDFB2AC01946DD0A008E1DBF /* ESImage */ = {
			isa = PBXGroup;
			children = (
				EDFB2AC11946DD0A008E1DBF /* ESAnimation.h */,
				EDFB2AC21946DD0A008E1DBF /* ESAnimation.m */,
				EDFB2AC31946DD0A008E1DBF /* ESImage-Constants.h */,
				EDFB2AC41946DD0A008E1DBF /* ESImage.h */,
				EDFB2AC51946DD0A008E1DBF /* ESImage.m */,
				EDFB2AC61946DD0A008E1DBF /* ESImageView.h */,
				EDFB2AC71946DD0A008E1DBF /* ESImageView.m */,
				EDFB2AC81946DD0A008E1DBF /* ImageManager.h */,
				EDFB2AC91946DD0A008E1DBF /* ImageManager.m */,
				EDFB2ACA1946DD0A008E1DBF /* ImageOperation.h */,
				EDFB2ACB1946DD0A008E1DBF /* ImageOperation.m */,
			);
			path = ESImage;
			sourceTree = "<group>";
		};
		EDFB2AD11946DD3E008E1DBF /* ESGridView */ = {
			isa = PBXGroup;
			children = (
				EDFB2AD21946DD3E008E1DBF /* ESGridView-Constants.h */,
				EDFB2AD31946DD3E008E1DBF /* ESGridView.h */,
				EDFB2AD41946DD3E008E1DBF /* ESGridView.m */,
				EDFB2AD51946DD3E008E1DBF /* ESGridViewCell.h */,
				EDFB2AD61946DD3E008E1DBF /* ESGridViewCell.m */,
				EDFB2AD71946DD3E008E1DBF /* ESGridViewLayoutStrategies.h */,
				EDFB2AD81946DD3E008E1DBF /* ESGridViewLayoutStrategies.m */,
			);
			path = ESGridView;
			sourceTree = "<group>";
		};
		EDFB2ADF1947D57E008E1DBF /* ESDebug */ = {
			isa = PBXGroup;
			children = (
				EDFB2AE01947D593008E1DBF /* ESDebugViewController.h */,
				EDFB2AE11947D593008E1DBF /* ESDebugViewController.m */,
				EDFB2AEB1947E3AB008E1DBF /* Log.h */,
				EDFB2AEC1947E3AB008E1DBF /* Log.m */,
				EDFB2AEE1947EE1D008E1DBF /* LogC.cpp */,
				EDFB2AEF1947EE1D008E1DBF /* LogC.h */,
			);
			path = ESDebug;
			sourceTree = "<group>";
		};
/* End PBXGroup section */

/* Begin PBXNativeTarget section */
		EDFB29EE19468E78008E1DBF /* Sample */ = {
			isa = PBXNativeTarget;
			buildConfigurationList = EDFB2A2419468E79008E1DBF /* Build configuration list for PBXNativeTarget "Sample" */;
			buildPhases = (
				EDFB29EB19468E78008E1DBF /* Sources */,
				EDFB29EC19468E78008E1DBF /* Frameworks */,
				EDFB29ED19468E78008E1DBF /* Resources */,
			);
			buildRules = (
			);
			dependencies = (
			);
			name = Sample;
			productName = Sample;
			productReference = EDFB29EF19468E78008E1DBF /* Sample.app */;
			productType = "com.apple.product-type.application";
		};
		EDFB2A1219468E79008E1DBF /* SampleTests */ = {
			isa = PBXNativeTarget;
			buildConfigurationList = EDFB2A2719468E79008E1DBF /* Build configuration list for PBXNativeTarget "SampleTests" */;
			buildPhases = (
				EDFB2A0F19468E79008E1DBF /* Sources */,
				EDFB2A1019468E79008E1DBF /* Frameworks */,
				EDFB2A1119468E79008E1DBF /* Resources */,
			);
			buildRules = (
			);
			dependencies = (
				EDFB2A1919468E79008E1DBF /* PBXTargetDependency */,
			);
			name = SampleTests;
			productName = SampleTests;
			productReference = EDFB2A1319468E79008E1DBF /* SampleTests.xctest */;
			productType = "com.apple.product-type.bundle.unit-test";
		};
/* End PBXNativeTarget section */

/* Begin PBXProject section */
		EDFB29E719468E78008E1DBF /* Project object */ = {
			isa = PBXProject;
			attributes = {
				CLASSPREFIX = ES;
				LastUpgradeCheck = 0510;
				ORGANIZATIONNAME = DaehyunKim;
				TargetAttributes = {
					EDFB2A1219468E79008E1DBF = {
						TestTargetID = EDFB29EE19468E78008E1DBF;
					};
				};
			};
			buildConfigurationList = EDFB29EA19468E78008E1DBF /* Build configuration list for PBXProject "Sample" */;
			compatibilityVersion = "Xcode 3.2";
			developmentRegion = English;
			hasScannedForEncodings = 0;
			knownRegions = (
				en,
				Base,
			);
			mainGroup = EDFB29E619468E78008E1DBF;
			productRefGroup = EDFB29F019468E78008E1DBF /* Products */;
			projectDirPath = "";
			projectRoot = "";
			targets = (
				EDFB29EE19468E78008E1DBF /* Sample */,
				EDFB2A1219468E79008E1DBF /* SampleTests */,
			);
		};
/* End PBXProject section */

/* Begin PBXResourcesBuildPhase section */
		EDFB29ED19468E78008E1DBF /* Resources */ = {
			isa = PBXResourcesBuildPhase;
			buildActionMask = 2147483647;
			files = (
				EDFB2A0919468E79008E1DBF /* Main_iPad.storyboard in Resources */,
				EDFB2A0E19468E79008E1DBF /* Images.xcassets in Resources */,
				EDFB2A0619468E79008E1DBF /* Main_iPhone.storyboard in Resources */,
				EDFB29FD19468E78008E1DBF /* InfoPlist.strings in Resources */,
			);
			runOnlyForDeploymentPostprocessing = 0;
		};
		EDFB2A1119468E79008E1DBF /* Resources */ = {
			isa = PBXResourcesBuildPhase;
			buildActionMask = 2147483647;
			files = (
				EDFB2A1F19468E79008E1DBF /* InfoPlist.strings in Resources */,
			);
			runOnlyForDeploymentPostprocessing = 0;
		};
/* End PBXResourcesBuildPhase section */

/* Begin PBXSourcesBuildPhase section */
		EDFB29EB19468E78008E1DBF /* Sources */ = {
			isa = PBXSourcesBuildPhase;
			buildActionMask = 2147483647;
			files = (
				EDFB2A94194690FE008E1DBF /* ESNetwork.m in Sources */,
				EDFB2AAE1946A67A008E1DBF /* ESNetworkViewController.m in Sources */,
				EDFB2ACC1946DD0A008E1DBF /* ESAnimation.m in Sources */,
				EDFB2ACF1946DD0A008E1DBF /* ImageManager.m in Sources */,
				EDFB2AED1947E3AB008E1DBF /* Log.m in Sources */,
				EDFB2AD01946DD0A008E1DBF /* ImageOperation.m in Sources */,
				EDFB2ACD1946DD0A008E1DBF /* ESImage.m in Sources */,
				EDFB2AE21947D593008E1DBF /* ESDebugViewController.m in Sources */,
				EDFB2AD91946DD3E008E1DBF /* ESGridView.m in Sources */,
				EDFB2ADE1946DF25008E1DBF /* ESGridViewController.m in Sources */,
				EDFB29FF19468E78008E1DBF /* main.m in Sources */,
				EDFB2ACE1946DD0A008E1DBF /* ESImageView.m in Sources */,
				EDFB2ADB1946DD3E008E1DBF /* ESGridViewLayoutStrategies.m in Sources */,
				EDFB2A95194690FE008E1DBF /* ESNetworkRestfulOperaton.m in Sources */,
				EDFB2AF01947EE1D008E1DBF /* LogC.cpp in Sources */,
				EDFB2A0319468E78008E1DBF /* ESFAppDelegate.m in Sources */,
				EDFB2A4F19468FE9008E1DBF /* SampleViewController.m in Sources */,
				EDFB2A96194690FE008E1DBF /* ESOperation.m in Sources */,
				EDFB2AAB1946A559008E1DBF /* ESImageSampleViewController.m in Sources */,
				EDFB2ADA1946DD3E008E1DBF /* ESGridViewCell.m in Sources */,
			);
			runOnlyForDeploymentPostprocessing = 0;
		};
		EDFB2A0F19468E79008E1DBF /* Sources */ = {
			isa = PBXSourcesBuildPhase;
			buildActionMask = 2147483647;
			files = (
				EDFB2A2119468E79008E1DBF /* SampleTests.m in Sources */,
			);
			runOnlyForDeploymentPostprocessing = 0;
		};
/* End PBXSourcesBuildPhase section */

/* Begin PBXTargetDependency section */
		EDFB2A1919468E79008E1DBF /* PBXTargetDependency */ = {
			isa = PBXTargetDependency;
			target = EDFB29EE19468E78008E1DBF /* Sample */;
			targetProxy = EDFB2A1819468E79008E1DBF /* PBXContainerItemProxy */;
		};
/* End PBXTargetDependency section */

/* Begin PBXVariantGroup section */
		EDFB29FB19468E78008E1DBF /* InfoPlist.strings */ = {
			isa = PBXVariantGroup;
			children = (
				EDFB29FC19468E78008E1DBF /* en */,
			);
			name = InfoPlist.strings;
			sourceTree = "<group>";
		};
		EDFB2A0419468E79008E1DBF /* Main_iPhone.storyboard */ = {
			isa = PBXVariantGroup;
			children = (
				EDFB2A0519468E79008E1DBF /* Base */,
			);
			name = Main_iPhone.storyboard;
			sourceTree = "<group>";
		};
		EDFB2A0719468E79008E1DBF /* Main_iPad.storyboard */ = {
			isa = PBXVariantGroup;
			children = (
				EDFB2A0819468E79008E1DBF /* Base */,
			);
			name = Main_iPad.storyboard;
			sourceTree = "<group>";
		};
		EDFB2A1D19468E79008E1DBF /* InfoPlist.strings */ = {
			isa = PBXVariantGroup;
			children = (
				EDFB2A1E19468E79008E1DBF /* en */,
			);
			name = InfoPlist.strings;
			sourceTree = "<group>";
		};
/* End PBXVariantGroup section */

/* Begin XCBuildConfiguration section */
		EDFB2A2219468E79008E1DBF /* Debug */ = {
			isa = XCBuildConfiguration;
			buildSettings = {
				ALWAYS_SEARCH_USER_PATHS = NO;
				CLANG_CXX_LANGUAGE_STANDARD = "gnu++0x";
				CLANG_CXX_LIBRARY = "libc++";
				CLANG_ENABLE_MODULES = YES;
				CLANG_ENABLE_OBJC_ARC = YES;
				CLANG_WARN_BOOL_CONVERSION = YES;
				CLANG_WARN_CONSTANT_CONVERSION = YES;
				CLANG_WARN_DIRECT_OBJC_ISA_USAGE = YES_ERROR;
				CLANG_WARN_EMPTY_BODY = YES;
				CLANG_WARN_ENUM_CONVERSION = YES;
				CLANG_WARN_INT_CONVERSION = YES;
				CLANG_WARN_OBJC_ROOT_CLASS = YES_ERROR;
				CLANG_WARN__DUPLICATE_METHOD_MATCH = YES;
				"CODE_SIGN_IDENTITY[sdk=iphoneos*]" = "iPhone Developer";
				COPY_PHASE_STRIP = NO;
				GCC_C_LANGUAGE_STANDARD = gnu99;
				GCC_DYNAMIC_NO_PIC = NO;
				GCC_OPTIMIZATION_LEVEL = 0;
				GCC_PREPROCESSOR_DEFINITIONS = (
					"DEBUG=1",
					"$(inherited)",
				);
				GCC_SYMBOLS_PRIVATE_EXTERN = NO;
				GCC_WARN_64_TO_32_BIT_CONVERSION = YES;
				GCC_WARN_ABOUT_RETURN_TYPE = YES_ERROR;
				GCC_WARN_UNDECLARED_SELECTOR = YES;
				GCC_WARN_UNINITIALIZED_AUTOS = YES_AGGRESSIVE;
				GCC_WARN_UNUSED_FUNCTION = YES;
				GCC_WARN_UNUSED_VARIABLE = YES;
				IPHONEOS_DEPLOYMENT_TARGET = 7.1;
				ONLY_ACTIVE_ARCH = YES;
				SDKROOT = iphoneos;
				TARGETED_DEVICE_FAMILY = "1,2";
			};
			name = Debug;
		};
		EDFB2A2319468E79008E1DBF /* Release */ = {
			isa = XCBuildConfiguration;
			buildSettings = {
				ALWAYS_SEARCH_USER_PATHS = NO;
				CLANG_CXX_LANGUAGE_STANDARD = "gnu++0x";
				CLANG_CXX_LIBRARY = "libc++";
				CLANG_ENABLE_MODULES = YES;
				CLANG_ENABLE_OBJC_ARC = YES;
				CLANG_WARN_BOOL_CONVERSION = YES;
				CLANG_WARN_CONSTANT_CONVERSION = YES;
				CLANG_WARN_DIRECT_OBJC_ISA_USAGE = YES_ERROR;
				CLANG_WARN_EMPTY_BODY = YES;
				CLANG_WARN_ENUM_CONVERSION = YES;
				CLANG_WARN_INT_CONVERSION = YES;
				CLANG_WARN_OBJC_ROOT_CLASS = YES_ERROR;
				CLANG_WARN__DUPLICATE_METHOD_MATCH = YES;
				"CODE_SIGN_IDENTITY[sdk=iphoneos*]" = "iPhone Developer";
				COPY_PHASE_STRIP = YES;
				ENABLE_NS_ASSERTIONS = NO;
				GCC_C_LANGUAGE_STANDARD = gnu99;
				GCC_WARN_64_TO_32_BIT_CONVERSION = YES;
				GCC_WARN_ABOUT_RETURN_TYPE = YES_ERROR;
				GCC_WARN_UNDECLARED_SELECTOR = YES;
				GCC_WARN_UNINITIALIZED_AUTOS = YES_AGGRESSIVE;
				GCC_WARN_UNUSED_FUNCTION = YES;
				GCC_WARN_UNUSED_VARIABLE = YES;
				IPHONEOS_DEPLOYMENT_TARGET = 7.1;
				SDKROOT = iphoneos;
				TARGETED_DEVICE_FAMILY = "1,2";
				VALIDATE_PRODUCT = YES;
			};
			name = Release;
		};
		EDFB2A2519468E79008E1DBF /* Debug */ = {
			isa = XCBuildConfiguration;
			buildSettings = {
				ASSETCATALOG_COMPILER_APPICON_NAME = AppIcon;
				ASSETCATALOG_COMPILER_LAUNCHIMAGE_NAME = LaunchImage;
				GCC_PRECOMPILE_PREFIX_HEADER = YES;
				GCC_PREFIX_HEADER = "Sample/Sample-Prefix.pch";
				INFOPLIST_FILE = "Sample/Sample-Info.plist";
				PRODUCT_NAME = "$(TARGET_NAME)";
				WRAPPER_EXTENSION = app;
			};
			name = Debug;
		};
		EDFB2A2619468E79008E1DBF /* Release */ = {
			isa = XCBuildConfiguration;
			buildSettings = {
				ASSETCATALOG_COMPILER_APPICON_NAME = AppIcon;
				ASSETCATALOG_COMPILER_LAUNCHIMAGE_NAME = LaunchImage;
				GCC_PRECOMPILE_PREFIX_HEADER = YES;
				GCC_PREFIX_HEADER = "Sample/Sample-Prefix.pch";
				INFOPLIST_FILE = "Sample/Sample-Info.plist";
				PRODUCT_NAME = "$(TARGET_NAME)";
				WRAPPER_EXTENSION = app;
			};
			name = Release;
		};
		EDFB2A2819468E79008E1DBF /* Debug */ = {
			isa = XCBuildConfiguration;
			buildSettings = {
				BUNDLE_LOADER = "$(BUILT_PRODUCTS_DIR)/Sample.app/Sample";
				FRAMEWORK_SEARCH_PATHS = (
					"$(SDKROOT)/Developer/Library/Frameworks",
					"$(inherited)",
					"$(DEVELOPER_FRAMEWORKS_DIR)",
				);
				GCC_PRECOMPILE_PREFIX_HEADER = YES;
				GCC_PREFIX_HEADER = "Sample/Sample-Prefix.pch";
				GCC_PREPROCESSOR_DEFINITIONS = (
					"DEBUG=1",
					"$(inherited)",
				);
				INFOPLIST_FILE = "SampleTests/SampleTests-Info.plist";
				PRODUCT_NAME = "$(TARGET_NAME)";
				TEST_HOST = "$(BUNDLE_LOADER)";
				WRAPPER_EXTENSION = xctest;
			};
			name = Debug;
		};
		EDFB2A2919468E79008E1DBF /* Release */ = {
			isa = XCBuildConfiguration;
			buildSettings = {
				BUNDLE_LOADER = "$(BUILT_PRODUCTS_DIR)/Sample.app/Sample";
				FRAMEWORK_SEARCH_PATHS = (
					"$(SDKROOT)/Developer/Library/Frameworks",
					"$(inherited)",
					"$(DEVELOPER_FRAMEWORKS_DIR)",
				);
				GCC_PRECOMPILE_PREFIX_HEADER = YES;
				GCC_PREFIX_HEADER = "Sample/Sample-Prefix.pch";
				INFOPLIST_FILE = "SampleTests/SampleTests-Info.plist";
				PRODUCT_NAME = "$(TARGET_NAME)";
				TEST_HOST = "$(BUNDLE_LOADER)";
				WRAPPER_EXTENSION = xctest;
			};
			name = Release;
		};
/* End XCBuildConfiguration section */

/* Begin XCConfigurationList section */
		EDFB29EA19468E78008E1DBF /* Build configuration list for PBXProject "Sample" */ = {
			isa = XCConfigurationList;
			buildConfigurations = (
				EDFB2A2219468E79008E1DBF /* Debug */,
				EDFB2A2319468E79008E1DBF /* Release */,
			);
			defaultConfigurationIsVisible = 0;
			defaultConfigurationName = Release;
		};
		EDFB2A2419468E79008E1DBF /* Build configuration list for PBXNativeTarget "Sample" */ = {
			isa = XCConfigurationList;
			buildConfigurations = (
				EDFB2A2519468E79008E1DBF /* Debug */,
				EDFB2A2619468E79008E1DBF /* Release */,
			);
			defaultConfigurationIsVisible = 0;
			defaultConfigurationName = Release;
		};
		EDFB2A2719468E79008E1DBF /* Build configuration list for PBXNativeTarget "SampleTests" */ = {
			isa = XCConfigurationList;
			buildConfigurations = (
				EDFB2A2819468E79008E1DBF /* Debug */,
				EDFB2A2919468E79008E1DBF /* Release */,
			);
			defaultConfigurationIsVisible = 0;
			defaultConfigurationName = Release;
		};
/* End XCConfigurationList section */
	};
	rootObject = EDFB29E719468E78008E1DBF /* Project object */;
}
